
Microsoft Visual Studio Solution File, Format Version 12.00
# Visual Studio Version 17
VisualStudioVersion = 17.7.34221.43
MinimumVisualStudioVersion = 10.0.40219.1
Project("{FAE04EC0-301F-11D3-BF4B-00C04F79EFBC}") = "z2", "z2.csproj", "{5F6999C0-8E24-43CF-A35E-F277ED2D09E8}"
EndProject
Global
	GlobalSection(SolutionConfigurationPlatforms) = preSolution
		Debug|Any CPU = Debug|Any CPU
		Release|Any CPU = Release|Any CPU
	EndGlobalSection
	GlobalSection(ProjectConfigurationPlatforms) = postSolution
		{5F6999C0-8E24-43CF-A35E-F277ED2D09E8}.Debug|Any CPU.ActiveCfg = Debug|Any CPU
		{5F6999C0-8E24-43CF-A35E-F277ED2D09E8}.Debug|Any CPU.Build.0 = Debug|Any CPU
		{5F6999C0-8E24-43CF-A35E-F277ED2D09E8}.Release|Any CPU.ActiveCfg = Release|Any CPU
		{5F6999C0-8E24-43CF-A35E-F277ED2D09E8}.Release|Any CPU.Build.0 = Release|Any CPU
	EndGlobalSection
	GlobalSection(SolutionProperties) = preSolution
		HideSolutionNode = FALSE
	EndGlobalSection
	GlobalSection(ExtensibilityGlobals) = postSolution
		SolutionGuid = {387B6DD0-0BAF-449D-B81E-3769C3ECED76}
	EndGlobalSection
EndGlobal
