
Microsoft Visual Studio Solution File, Format Version 12.00
# Visual Studio Version 17
VisualStudioVersion = 17.7.34221.43
MinimumVisualStudioVersion = 10.0.40219.1
Project("{FAE04EC0-301F-11D3-BF4B-00C04F79EFBC}") = "z1", "z1.csproj", "{383F2D8F-1160-4703-ACDF-0CE61ACF6EAD}"
EndProject
Global
	GlobalSection(SolutionConfigurationPlatforms) = preSolution
		Debug|Any CPU = Debug|Any CPU
		Release|Any CPU = Release|Any CPU
	EndGlobalSection
	GlobalSection(ProjectConfigurationPlatforms) = postSolution
		{383F2D8F-1160-4703-ACDF-0CE61ACF6EAD}.Debug|Any CPU.ActiveCfg = Debug|Any CPU
		{383F2D8F-1160-4703-ACDF-0CE61ACF6EAD}.Debug|Any CPU.Build.0 = Debug|Any CPU
		{383F2D8F-1160-4703-ACDF-0CE61ACF6EAD}.Release|Any CPU.ActiveCfg = Release|Any CPU
		{383F2D8F-1160-4703-ACDF-0CE61ACF6EAD}.Release|Any CPU.Build.0 = Release|Any CPU
	EndGlobalSection
	GlobalSection(SolutionProperties) = preSolution
		HideSolutionNode = FALSE
	EndGlobalSection
	GlobalSection(ExtensibilityGlobals) = postSolution
		SolutionGuid = {D32110A4-6774-4355-9007-0CDDA7784963}
	EndGlobalSection
EndGlobal
