
Microsoft Visual Studio Solution File, Format Version 12.00
# Visual Studio Version 17
VisualStudioVersion = 17.3.32922.545
MinimumVisualStudioVersion = 10.0.40219.1
Project("{FAE04EC0-301F-11D3-BF4B-00C04F79EFBC}") = "z43", "z43.csproj", "{9CCB54BD-AD11-47B0-A5A2-92CD73FC8D42}"
EndProject
Global
	GlobalSection(SolutionConfigurationPlatforms) = preSolution
		Debug|Any CPU = Debug|Any CPU
		Release|Any CPU = Release|Any CPU
	EndGlobalSection
	GlobalSection(ProjectConfigurationPlatforms) = postSolution
		{9CCB54BD-AD11-47B0-A5A2-92CD73FC8D42}.Debug|Any CPU.ActiveCfg = Debug|Any CPU
		{9CCB54BD-AD11-47B0-A5A2-92CD73FC8D42}.Debug|Any CPU.Build.0 = Debug|Any CPU
		{9CCB54BD-AD11-47B0-A5A2-92CD73FC8D42}.Release|Any CPU.ActiveCfg = Release|Any CPU
		{9CCB54BD-AD11-47B0-A5A2-92CD73FC8D42}.Release|Any CPU.Build.0 = Release|Any CPU
	EndGlobalSection
	GlobalSection(SolutionProperties) = preSolution
		HideSolutionNode = FALSE
	EndGlobalSection
	GlobalSection(ExtensibilityGlobals) = postSolution
		SolutionGuid = {083A87E2-3E81-4115-BD31-C75926D5BCE4}
	EndGlobalSection
EndGlobal
