
Microsoft Visual Studio Solution File, Format Version 12.00
# Visual Studio Version 17
VisualStudioVersion = 17.3.32922.545
MinimumVisualStudioVersion = 10.0.40219.1
Project("{FAE04EC0-301F-11D3-BF4B-00C04F79EFBC}") = "z37", "z37.csproj", "{60A6A551-DD61-45C0-9EA1-9EB1FE374EE1}"
EndProject
Global
	GlobalSection(SolutionConfigurationPlatforms) = preSolution
		Debug|Any CPU = Debug|Any CPU
		Release|Any CPU = Release|Any CPU
	EndGlobalSection
	GlobalSection(ProjectConfigurationPlatforms) = postSolution
		{60A6A551-DD61-45C0-9EA1-9EB1FE374EE1}.Debug|Any CPU.ActiveCfg = Debug|Any CPU
		{60A6A551-DD61-45C0-9EA1-9EB1FE374EE1}.Debug|Any CPU.Build.0 = Debug|Any CPU
		{60A6A551-DD61-45C0-9EA1-9EB1FE374EE1}.Release|Any CPU.ActiveCfg = Release|Any CPU
		{60A6A551-DD61-45C0-9EA1-9EB1FE374EE1}.Release|Any CPU.Build.0 = Release|Any CPU
	EndGlobalSection
	GlobalSection(SolutionProperties) = preSolution
		HideSolutionNode = FALSE
	EndGlobalSection
	GlobalSection(ExtensibilityGlobals) = postSolution
		SolutionGuid = {BFC5E23B-520A-46F9-AC98-9C6E708E3CE9}
	EndGlobalSection
EndGlobal
