
Microsoft Visual Studio Solution File, Format Version 12.00
# Visual Studio Version 17
VisualStudioVersion = 17.3.32922.545
MinimumVisualStudioVersion = 10.0.40219.1
Project("{FAE04EC0-301F-11D3-BF4B-00C04F79EFBC}") = "z24", "z24.csproj", "{B586DE84-3349-42C0-B857-8583EA3A4439}"
EndProject
Global
	GlobalSection(SolutionConfigurationPlatforms) = preSolution
		Debug|Any CPU = Debug|Any CPU
		Release|Any CPU = Release|Any CPU
	EndGlobalSection
	GlobalSection(ProjectConfigurationPlatforms) = postSolution
		{B586DE84-3349-42C0-B857-8583EA3A4439}.Debug|Any CPU.ActiveCfg = Debug|Any CPU
		{B586DE84-3349-42C0-B857-8583EA3A4439}.Debug|Any CPU.Build.0 = Debug|Any CPU
		{B586DE84-3349-42C0-B857-8583EA3A4439}.Release|Any CPU.ActiveCfg = Release|Any CPU
		{B586DE84-3349-42C0-B857-8583EA3A4439}.Release|Any CPU.Build.0 = Release|Any CPU
	EndGlobalSection
	GlobalSection(SolutionProperties) = preSolution
		HideSolutionNode = FALSE
	EndGlobalSection
	GlobalSection(ExtensibilityGlobals) = postSolution
		SolutionGuid = {69EE0ACE-A996-480B-8EA5-6CB01BF05B4F}
	EndGlobalSection
EndGlobal
