
Microsoft Visual Studio Solution File, Format Version 12.00
# Visual Studio Version 16
VisualStudioVersion = 16.0.33920.266
MinimumVisualStudioVersion = 10.0.40219.1
Project("{FAE04EC0-301F-11D3-BF4B-00C04F79EFBC}") = "z10", "z10.csproj", "{979D0EDB-823D-49DB-A656-6E1930426BA6}"
EndProject
Global
	GlobalSection(SolutionConfigurationPlatforms) = preSolution
		Debug|Any CPU = Debug|Any CPU
		Release|Any CPU = Release|Any CPU
	EndGlobalSection
	GlobalSection(ProjectConfigurationPlatforms) = postSolution
		{979D0EDB-823D-49DB-A656-6E1930426BA6}.Debug|Any CPU.ActiveCfg = Debug|Any CPU
		{979D0EDB-823D-49DB-A656-6E1930426BA6}.Debug|Any CPU.Build.0 = Debug|Any CPU
		{979D0EDB-823D-49DB-A656-6E1930426BA6}.Release|Any CPU.ActiveCfg = Release|Any CPU
		{979D0EDB-823D-49DB-A656-6E1930426BA6}.Release|Any CPU.Build.0 = Release|Any CPU
	EndGlobalSection
	GlobalSection(SolutionProperties) = preSolution
		HideSolutionNode = FALSE
	EndGlobalSection
	GlobalSection(ExtensibilityGlobals) = postSolution
		SolutionGuid = {76114DF3-F55B-4BCB-B8AA-9911F86C03F2}
	EndGlobalSection
EndGlobal
