
Microsoft Visual Studio Solution File, Format Version 12.00
# Visual Studio Version 17
VisualStudioVersion = 17.3.32922.545
MinimumVisualStudioVersion = 10.0.40219.1
Project("{FAE04EC0-301F-11D3-BF4B-00C04F79EFBC}") = "z39", "z39.csproj", "{EED462FC-2B58-4E40-987A-5D12425815BB}"
EndProject
Global
	GlobalSection(SolutionConfigurationPlatforms) = preSolution
		Debug|Any CPU = Debug|Any CPU
		Release|Any CPU = Release|Any CPU
	EndGlobalSection
	GlobalSection(ProjectConfigurationPlatforms) = postSolution
		{EED462FC-2B58-4E40-987A-5D12425815BB}.Debug|Any CPU.ActiveCfg = Debug|Any CPU
		{EED462FC-2B58-4E40-987A-5D12425815BB}.Debug|Any CPU.Build.0 = Debug|Any CPU
		{EED462FC-2B58-4E40-987A-5D12425815BB}.Release|Any CPU.ActiveCfg = Release|Any CPU
		{EED462FC-2B58-4E40-987A-5D12425815BB}.Release|Any CPU.Build.0 = Release|Any CPU
	EndGlobalSection
	GlobalSection(SolutionProperties) = preSolution
		HideSolutionNode = FALSE
	EndGlobalSection
	GlobalSection(ExtensibilityGlobals) = postSolution
		SolutionGuid = {41EBE1D9-B922-4A4E-B7BE-C3B797B4B4AD}
	EndGlobalSection
EndGlobal
