
Microsoft Visual Studio Solution File, Format Version 12.00
# Visual Studio Version 17
VisualStudioVersion = 17.3.32922.545
MinimumVisualStudioVersion = 10.0.40219.1
Project("{FAE04EC0-301F-11D3-BF4B-00C04F79EFBC}") = "z33", "z33.csproj", "{D34CEED7-1DF1-4C94-8130-ECC7A03C0418}"
EndProject
Global
	GlobalSection(SolutionConfigurationPlatforms) = preSolution
		Debug|Any CPU = Debug|Any CPU
		Release|Any CPU = Release|Any CPU
	EndGlobalSection
	GlobalSection(ProjectConfigurationPlatforms) = postSolution
		{D34CEED7-1DF1-4C94-8130-ECC7A03C0418}.Debug|Any CPU.ActiveCfg = Debug|Any CPU
		{D34CEED7-1DF1-4C94-8130-ECC7A03C0418}.Debug|Any CPU.Build.0 = Debug|Any CPU
		{D34CEED7-1DF1-4C94-8130-ECC7A03C0418}.Release|Any CPU.ActiveCfg = Release|Any CPU
		{D34CEED7-1DF1-4C94-8130-ECC7A03C0418}.Release|Any CPU.Build.0 = Release|Any CPU
	EndGlobalSection
	GlobalSection(SolutionProperties) = preSolution
		HideSolutionNode = FALSE
	EndGlobalSection
	GlobalSection(ExtensibilityGlobals) = postSolution
		SolutionGuid = {2E8DFEC9-B710-4856-9F7B-F6AA0D664C24}
	EndGlobalSection
EndGlobal
