
Microsoft Visual Studio Solution File, Format Version 12.00
# Visual Studio Version 17
VisualStudioVersion = 17.3.32922.545
MinimumVisualStudioVersion = 10.0.40219.1
Project("{FAE04EC0-301F-11D3-BF4B-00C04F79EFBC}") = "z34", "z34.csproj", "{5DDD5067-5D40-4788-88DD-BC2EC6D0DC36}"
EndProject
Global
	GlobalSection(SolutionConfigurationPlatforms) = preSolution
		Debug|Any CPU = Debug|Any CPU
		Release|Any CPU = Release|Any CPU
	EndGlobalSection
	GlobalSection(ProjectConfigurationPlatforms) = postSolution
		{5DDD5067-5D40-4788-88DD-BC2EC6D0DC36}.Debug|Any CPU.ActiveCfg = Debug|Any CPU
		{5DDD5067-5D40-4788-88DD-BC2EC6D0DC36}.Debug|Any CPU.Build.0 = Debug|Any CPU
		{5DDD5067-5D40-4788-88DD-BC2EC6D0DC36}.Release|Any CPU.ActiveCfg = Release|Any CPU
		{5DDD5067-5D40-4788-88DD-BC2EC6D0DC36}.Release|Any CPU.Build.0 = Release|Any CPU
	EndGlobalSection
	GlobalSection(SolutionProperties) = preSolution
		HideSolutionNode = FALSE
	EndGlobalSection
	GlobalSection(ExtensibilityGlobals) = postSolution
		SolutionGuid = {4375CBD3-BD63-4F4D-9FE2-E2664B0232BE}
	EndGlobalSection
EndGlobal
