
Microsoft Visual Studio Solution File, Format Version 12.00
# Visual Studio Version 17
VisualStudioVersion = 17.3.32922.545
MinimumVisualStudioVersion = 10.0.40219.1
Project("{FAE04EC0-301F-11D3-BF4B-00C04F79EFBC}") = "z30", "z30.csproj", "{8C4B9EE4-45E7-48E5-AEE7-4E2D92058904}"
EndProject
Global
	GlobalSection(SolutionConfigurationPlatforms) = preSolution
		Debug|Any CPU = Debug|Any CPU
		Release|Any CPU = Release|Any CPU
	EndGlobalSection
	GlobalSection(ProjectConfigurationPlatforms) = postSolution
		{8C4B9EE4-45E7-48E5-AEE7-4E2D92058904}.Debug|Any CPU.ActiveCfg = Debug|Any CPU
		{8C4B9EE4-45E7-48E5-AEE7-4E2D92058904}.Debug|Any CPU.Build.0 = Debug|Any CPU
		{8C4B9EE4-45E7-48E5-AEE7-4E2D92058904}.Release|Any CPU.ActiveCfg = Release|Any CPU
		{8C4B9EE4-45E7-48E5-AEE7-4E2D92058904}.Release|Any CPU.Build.0 = Release|Any CPU
	EndGlobalSection
	GlobalSection(SolutionProperties) = preSolution
		HideSolutionNode = FALSE
	EndGlobalSection
	GlobalSection(ExtensibilityGlobals) = postSolution
		SolutionGuid = {4AA560B6-66B3-4DB7-B049-8C3CB606D8AA}
	EndGlobalSection
EndGlobal
