
Microsoft Visual Studio Solution File, Format Version 12.00
# Visual Studio Version 17
VisualStudioVersion = 17.3.32922.545
MinimumVisualStudioVersion = 10.0.40219.1
Project("{FAE04EC0-301F-11D3-BF4B-00C04F79EFBC}") = "z25", "z25.csproj", "{022224EC-8C8C-402B-B83E-0F6FE320608A}"
EndProject
Global
	GlobalSection(SolutionConfigurationPlatforms) = preSolution
		Debug|Any CPU = Debug|Any CPU
		Release|Any CPU = Release|Any CPU
	EndGlobalSection
	GlobalSection(ProjectConfigurationPlatforms) = postSolution
		{022224EC-8C8C-402B-B83E-0F6FE320608A}.Debug|Any CPU.ActiveCfg = Debug|Any CPU
		{022224EC-8C8C-402B-B83E-0F6FE320608A}.Debug|Any CPU.Build.0 = Debug|Any CPU
		{022224EC-8C8C-402B-B83E-0F6FE320608A}.Release|Any CPU.ActiveCfg = Release|Any CPU
		{022224EC-8C8C-402B-B83E-0F6FE320608A}.Release|Any CPU.Build.0 = Release|Any CPU
	EndGlobalSection
	GlobalSection(SolutionProperties) = preSolution
		HideSolutionNode = FALSE
	EndGlobalSection
	GlobalSection(ExtensibilityGlobals) = postSolution
		SolutionGuid = {71A3DEE9-46EA-45F0-8D9A-D54980A3F2E6}
	EndGlobalSection
EndGlobal
